
Microsoft Visual Studio Solution File, Format Version 12.00
# Visual Studio Version 17
VisualStudioVersion = 17.3.32929.385
MinimumVisualStudioVersion = 10.0.40219.1
Project("{FAE04EC0-301F-11D3-BF4B-00C04F79EFBC}") = "Dragota_Iulia_Lab1", "Dragota_Iulia_Lab1.csproj", "{6AC1D661-AF96-4BC1-84D3-1608B12D6924}"
EndProject
Global
	GlobalSection(SolutionConfigurationPlatforms) = preSolution
		Debug|Any CPU = Debug|Any CPU
		Release|Any CPU = Release|Any CPU
	EndGlobalSection
	GlobalSection(ProjectConfigurationPlatforms) = postSolution
		{6AC1D661-AF96-4BC1-84D3-1608B12D6924}.Debug|Any CPU.ActiveCfg = Debug|Any CPU
		{6AC1D661-AF96-4BC1-84D3-1608B12D6924}.Debug|Any CPU.Build.0 = Debug|Any CPU
		{6AC1D661-AF96-4BC1-84D3-1608B12D6924}.Release|Any CPU.ActiveCfg = Release|Any CPU
		{6AC1D661-AF96-4BC1-84D3-1608B12D6924}.Release|Any CPU.Build.0 = Release|Any CPU
	EndGlobalSection
	GlobalSection(SolutionProperties) = preSolution
		HideSolutionNode = FALSE
	EndGlobalSection
	GlobalSection(ExtensibilityGlobals) = postSolution
		SolutionGuid = {F9B46BFA-CE63-4827-9E32-D7495279B744}
	EndGlobalSection
EndGlobal
